
Microsoft Visual Studio Solution File, Format Version 11.00
# Visual Studio 2010
# SharpDevelop 4.4
Project("{FAE04EC0-301F-11D3-BF4B-00C04F79EFBC}") = "Calcular_NIT_DIAN", "Calcular_NIT_DIAN\Calcular_NIT_DIAN.csproj", "{5B589B65-4DE3-40A5-A608-199CA1DD6844}"
EndProject
Global
	GlobalSection(SolutionConfigurationPlatforms) = preSolution
		Debug|Any CPU = Debug|Any CPU
		Release|Any CPU = Release|Any CPU
	EndGlobalSection
	GlobalSection(ProjectConfigurationPlatforms) = postSolution
		{5B589B65-4DE3-40A5-A608-199CA1DD6844}.Debug|Any CPU.Build.0 = Debug|Any CPU
		{5B589B65-4DE3-40A5-A608-199CA1DD6844}.Debug|Any CPU.ActiveCfg = Debug|Any CPU
		{5B589B65-4DE3-40A5-A608-199CA1DD6844}.Release|Any CPU.Build.0 = Release|Any CPU
		{5B589B65-4DE3-40A5-A608-199CA1DD6844}.Release|Any CPU.ActiveCfg = Release|Any CPU
	EndGlobalSection
EndGlobal
